
Microsoft Visual Studio Solution File, Format Version 12.00
# Visual Studio Version 17
VisualStudioVersion = 17.1.32328.378
MinimumVisualStudioVersion = 10.0.40219.1
Project("{FAE04EC0-301F-11D3-BF4B-00C04F79EFBC}") = "MaintainingAddressBook", "MaintainingAddressBook.csproj", "{4A7D64F6-482E-4DE6-BFCE-CA2E5264AC46}"
EndProject
Global
	GlobalSection(SolutionConfigurationPlatforms) = preSolution
		Debug|Any CPU = Debug|Any CPU
		Release|Any CPU = Release|Any CPU
	EndGlobalSection
	GlobalSection(ProjectConfigurationPlatforms) = postSolution
		{4A7D64F6-482E-4DE6-BFCE-CA2E5264AC46}.Debug|Any CPU.ActiveCfg = Debug|Any CPU
		{4A7D64F6-482E-4DE6-BFCE-CA2E5264AC46}.Debug|Any CPU.Build.0 = Debug|Any CPU
		{4A7D64F6-482E-4DE6-BFCE-CA2E5264AC46}.Release|Any CPU.ActiveCfg = Release|Any CPU
		{4A7D64F6-482E-4DE6-BFCE-CA2E5264AC46}.Release|Any CPU.Build.0 = Release|Any CPU
	EndGlobalSection
	GlobalSection(SolutionProperties) = preSolution
		HideSolutionNode = FALSE
	EndGlobalSection
	GlobalSection(ExtensibilityGlobals) = postSolution
		SolutionGuid = {EEBD723F-AA6E-41AE-8C70-5654D4A2FAD0}
	EndGlobalSection
EndGlobal
